
Microsoft Visual Studio Solution File, Format Version 12.00
# Visual Studio Version 17
VisualStudioVersion = 17.7.34221.43
MinimumVisualStudioVersion = 10.0.40219.1
Project("{FAE04EC0-301F-11D3-BF4B-00C04F79EFBC}") = "tarea#1 Programacion", "tarea#1 Programacion\tarea#1 Programacion.csproj", "{6BD5DC4B-EBEE-4F8E-AEE8-8F7513B8995D}"
EndProject
Global
	GlobalSection(SolutionConfigurationPlatforms) = preSolution
		Debug|Any CPU = Debug|Any CPU
		Release|Any CPU = Release|Any CPU
	EndGlobalSection
	GlobalSection(ProjectConfigurationPlatforms) = postSolution
		{6BD5DC4B-EBEE-4F8E-AEE8-8F7513B8995D}.Debug|Any CPU.ActiveCfg = Debug|Any CPU
		{6BD5DC4B-EBEE-4F8E-AEE8-8F7513B8995D}.Debug|Any CPU.Build.0 = Debug|Any CPU
		{6BD5DC4B-EBEE-4F8E-AEE8-8F7513B8995D}.Release|Any CPU.ActiveCfg = Release|Any CPU
		{6BD5DC4B-EBEE-4F8E-AEE8-8F7513B8995D}.Release|Any CPU.Build.0 = Release|Any CPU
	EndGlobalSection
	GlobalSection(SolutionProperties) = preSolution
		HideSolutionNode = FALSE
	EndGlobalSection
	GlobalSection(ExtensibilityGlobals) = postSolution
		SolutionGuid = {400301BB-3E84-4D9D-B2C7-E2CEE0CCC84A}
	EndGlobalSection
EndGlobal
